
Microsoft Visual Studio Solution File, Format Version 12.00
# Visual Studio Version 16
VisualStudioVersion = 16.0.32428.217
MinimumVisualStudioVersion = 10.0.40219.1
Project("{FAE04EC0-301F-11D3-BF4B-00C04F79EFBC}") = "Hw Simple School managemeent 25.05.2022", "Hw Simple School managemeent 25.05.2022\Hw Simple School managemeent 25.05.2022.csproj", "{31BA2F99-1DE3-40C0-A605-46576906D4F5}"
EndProject
Global
	GlobalSection(SolutionConfigurationPlatforms) = preSolution
		Debug|Any CPU = Debug|Any CPU
		Release|Any CPU = Release|Any CPU
	EndGlobalSection
	GlobalSection(ProjectConfigurationPlatforms) = postSolution
		{31BA2F99-1DE3-40C0-A605-46576906D4F5}.Debug|Any CPU.ActiveCfg = Debug|Any CPU
		{31BA2F99-1DE3-40C0-A605-46576906D4F5}.Debug|Any CPU.Build.0 = Debug|Any CPU
		{31BA2F99-1DE3-40C0-A605-46576906D4F5}.Release|Any CPU.ActiveCfg = Release|Any CPU
		{31BA2F99-1DE3-40C0-A605-46576906D4F5}.Release|Any CPU.Build.0 = Release|Any CPU
	EndGlobalSection
	GlobalSection(SolutionProperties) = preSolution
		HideSolutionNode = FALSE
	EndGlobalSection
	GlobalSection(ExtensibilityGlobals) = postSolution
		SolutionGuid = {804E217A-C414-4500-88DB-5DB5D492BD45}
	EndGlobalSection
EndGlobal
